
Microsoft Visual Studio Solution File, Format Version 12.00
# Visual Studio Version 17
VisualStudioVersion = 17.6.33815.320
MinimumVisualStudioVersion = 10.0.40219.1
Project("{FAE04EC0-301F-11D3-BF4B-00C04F79EFBC}") = "Boss.az", "Boss.az\Boss.az.csproj", "{01898D2B-232D-4B32-B27A-7EE4A73716F8}"
EndProject
Global
	GlobalSection(SolutionConfigurationPlatforms) = preSolution
		Debug|Any CPU = Debug|Any CPU
		Release|Any CPU = Release|Any CPU
	EndGlobalSection
	GlobalSection(ProjectConfigurationPlatforms) = postSolution
		{01898D2B-232D-4B32-B27A-7EE4A73716F8}.Debug|Any CPU.ActiveCfg = Debug|Any CPU
		{01898D2B-232D-4B32-B27A-7EE4A73716F8}.Debug|Any CPU.Build.0 = Debug|Any CPU
		{01898D2B-232D-4B32-B27A-7EE4A73716F8}.Release|Any CPU.ActiveCfg = Release|Any CPU
		{01898D2B-232D-4B32-B27A-7EE4A73716F8}.Release|Any CPU.Build.0 = Release|Any CPU
	EndGlobalSection
	GlobalSection(SolutionProperties) = preSolution
		HideSolutionNode = FALSE
	EndGlobalSection
	GlobalSection(ExtensibilityGlobals) = postSolution
		SolutionGuid = {DEAD65F1-394C-4672-9702-8925A6AA5126}
	EndGlobalSection
EndGlobal
